
Microsoft Visual Studio Solution File, Format Version 12.00
# Visual Studio Version 16
VisualStudioVersion = 16.0.30517.126
MinimumVisualStudioVersion = 10.0.40219.1
Project("{9A19103F-16F7-4668-BE54-9A1E7A4F7556}") = "GroupByTech.NExceptionViewer.Core", "NExceptionViewer\GroupByTech.NExceptionViewer.Core.csproj", "{6DE821F9-F372-4E9E-9262-5481C44906E9}"
EndProject
Project("{FAE04EC0-301F-11D3-BF4B-00C04F79EFBC}") = "GroupByTech.NExceptionsViewer.Test.Core", "tests\GroupByTech.NExceptionsViewer.Test.Core\GroupByTech.NExceptionsViewer.Test.Core.csproj", "{DBE42C96-CF37-4829-BBC2-36820FFC440F}"
EndProject
Global
	GlobalSection(SolutionConfigurationPlatforms) = preSolution
		Debug|Any CPU = Debug|Any CPU
		Release|Any CPU = Release|Any CPU
	EndGlobalSection
	GlobalSection(ProjectConfigurationPlatforms) = postSolution
		{6DE821F9-F372-4E9E-9262-5481C44906E9}.Debug|Any CPU.ActiveCfg = Debug|Any CPU
		{6DE821F9-F372-4E9E-9262-5481C44906E9}.Debug|Any CPU.Build.0 = Debug|Any CPU
		{6DE821F9-F372-4E9E-9262-5481C44906E9}.Release|Any CPU.ActiveCfg = Release|Any CPU
		{6DE821F9-F372-4E9E-9262-5481C44906E9}.Release|Any CPU.Build.0 = Release|Any CPU
		{DBE42C96-CF37-4829-BBC2-36820FFC440F}.Debug|Any CPU.ActiveCfg = Debug|Any CPU
		{DBE42C96-CF37-4829-BBC2-36820FFC440F}.Debug|Any CPU.Build.0 = Debug|Any CPU
		{DBE42C96-CF37-4829-BBC2-36820FFC440F}.Release|Any CPU.ActiveCfg = Release|Any CPU
		{DBE42C96-CF37-4829-BBC2-36820FFC440F}.Release|Any CPU.Build.0 = Release|Any CPU
	EndGlobalSection
	GlobalSection(SolutionProperties) = preSolution
		HideSolutionNode = FALSE
	EndGlobalSection
	GlobalSection(ExtensibilityGlobals) = postSolution
		SolutionGuid = {96D7CCD1-917A-4EE4-88F8-DDDA407F9CF7}
	EndGlobalSection
EndGlobal
